// !$*UTF8*$!
{
	archiveVersion = 1;
	classes = {
	};
	objectVersion = 50;
	objects = {

/* Begin PBXBuildFile section */
		904D0B69222B969700A0969D /* my_model.mlmodel in Sources */ = {isa = PBXBuildFile; fileRef = 904D0B68222B969700A0969D /* my_model.mlmodel */; };
		904D0B6B222B97EB00A0969D /* ProductCollectionViewCell.swift in Sources */ = {isa = PBXBuildFile; fileRef = 904D0B6A222B97E000A0969D /* ProductCollectionViewCell.swift */; };
		E35CEFC4222A958B00F81FB3 /* AppDelegate.swift in Sources */ = {isa = PBXBuildFile; fileRef = E35CEFC3222A958B00F81FB3 /* AppDelegate.swift */; };
		E35CEFC6222A958B00F81FB3 /* ViewController.swift in Sources */ = {isa = PBXBuildFile; fileRef = E35CEFC5222A958B00F81FB3 /* ViewController.swift */; };
		E35CEFC9222A958B00F81FB3 /* Main.storyboard in Resources */ = {isa = PBXBuildFile; fileRef = E35CEFC7222A958B00F81FB3 /* Main.storyboard */; };
		E35CEFCC222A958B00F81FB3 /* EasyBay.xcdatamodeld in Sources */ = {isa = PBXBuildFile; fileRef = E35CEFCA222A958B00F81FB3 /* EasyBay.xcdatamodeld */; };
		E35CEFCE222A958D00F81FB3 /* Assets.xcassets in Resources */ = {isa = PBXBuildFile; fileRef = E35CEFCD222A958D00F81FB3 /* Assets.xcassets */; };
		E35CEFD1222A958D00F81FB3 /* LaunchScreen.storyboard in Resources */ = {isa = PBXBuildFile; fileRef = E35CEFCF222A958D00F81FB3 /* LaunchScreen.storyboard */; };
		E35CEFDC222A958D00F81FB3 /* EasyBayTests.swift in Sources */ = {isa = PBXBuildFile; fileRef = E35CEFDB222A958D00F81FB3 /* EasyBayTests.swift */; };
		E35CEFE7222A958D00F81FB3 /* EasyBayUITests.swift in Sources */ = {isa = PBXBuildFile; fileRef = E35CEFE6222A958D00F81FB3 /* EasyBayUITests.swift */; };
		E35CEFFB222B071400F81FB3 /* SearchImageViewController.swift in Sources */ = {isa = PBXBuildFile; fileRef = E35CEFFA222B071400F81FB3 /* SearchImageViewController.swift */; };
		E35CEFFD222B0F6600F81FB3 /* README.md in Resources */ = {isa = PBXBuildFile; fileRef = E35CEFFC222B0F6500F81FB3 /* README.md */; };
		E3DBCFDE222B570100B23408 /* ProductCells.swift in Sources */ = {isa = PBXBuildFile; fileRef = E3DBCFDD222B570100B23408 /* ProductCells.swift */; };
		E3DBCFE0222B786A00B23408 /* ProductCollectionViewCell.swift in Sources */ = {isa = PBXBuildFile; fileRef = E3DBCFDF222B786A00B23408 /* ProductCollectionViewCell.swift */; };
		E3DBCFE2222B99A100B23408 /* InputParamsViewController.swift in Sources */ = {isa = PBXBuildFile; fileRef = E3DBCFE1222B99A100B23408 /* InputParamsViewController.swift */; };
/* End PBXBuildFile section */

/* Begin PBXContainerItemProxy section */
		E35CEFD8222A958D00F81FB3 /* PBXContainerItemProxy */ = {
			isa = PBXContainerItemProxy;
			containerPortal = E35CEFB8222A958B00F81FB3 /* Project object */;
			proxyType = 1;
			remoteGlobalIDString = E35CEFBF222A958B00F81FB3;
			remoteInfo = EasyBay;
		};
		E35CEFE3222A958D00F81FB3 /* PBXContainerItemProxy */ = {
			isa = PBXContainerItemProxy;
			containerPortal = E35CEFB8222A958B00F81FB3 /* Project object */;
			proxyType = 1;
			remoteGlobalIDString = E35CEFBF222A958B00F81FB3;
			remoteInfo = EasyBay;
		};
/* End PBXContainerItemProxy section */

/* Begin PBXFileReference section */
		904D0B68222B969700A0969D /* my_model.mlmodel */ = {isa = PBXFileReference; lastKnownFileType = file.mlmodel; path = my_model.mlmodel; sourceTree = "<group>"; };
		904D0B6A222B97E000A0969D /* ProductCollectionViewCell.swift */ = {isa = PBXFileReference; fileEncoding = 4; lastKnownFileType = sourcecode.swift; path = ProductCollectionViewCell.swift; sourceTree = "<group>"; };
		E35CEFC0222A958B00F81FB3 /* EasyBay.app */ = {isa = PBXFileReference; explicitFileType = wrapper.application; includeInIndex = 0; path = EasyBay.app; sourceTree = BUILT_PRODUCTS_DIR; };
		E35CEFC3222A958B00F81FB3 /* AppDelegate.swift */ = {isa = PBXFileReference; lastKnownFileType = sourcecode.swift; path = AppDelegate.swift; sourceTree = "<group>"; };
		E35CEFC5222A958B00F81FB3 /* ViewController.swift */ = {isa = PBXFileReference; lastKnownFileType = sourcecode.swift; path = ViewController.swift; sourceTree = "<group>"; };
		E35CEFC8222A958B00F81FB3 /* Base */ = {isa = PBXFileReference; lastKnownFileType = file.storyboard; name = Base; path = Base.lproj/Main.storyboard; sourceTree = "<group>"; };
		E35CEFCB222A958B00F81FB3 /* EasyBay.xcdatamodel */ = {isa = PBXFileReference; lastKnownFileType = wrapper.xcdatamodel; path = EasyBay.xcdatamodel; sourceTree = "<group>"; };
		E35CEFCD222A958D00F81FB3 /* Assets.xcassets */ = {isa = PBXFileReference; lastKnownFileType = folder.assetcatalog; path = Assets.xcassets; sourceTree = "<group>"; };
		E35CEFD0222A958D00F81FB3 /* Base */ = {isa = PBXFileReference; lastKnownFileType = file.storyboard; name = Base; path = Base.lproj/LaunchScreen.storyboard; sourceTree = "<group>"; };
		E35CEFD2222A958D00F81FB3 /* Info.plist */ = {isa = PBXFileReference; lastKnownFileType = text.plist.xml; path = Info.plist; sourceTree = "<group>"; };
		E35CEFD7222A958D00F81FB3 /* EasyBayTests.xctest */ = {isa = PBXFileReference; explicitFileType = wrapper.cfbundle; includeInIndex = 0; path = EasyBayTests.xctest; sourceTree = BUILT_PRODUCTS_DIR; };
		E35CEFDB222A958D00F81FB3 /* EasyBayTests.swift */ = {isa = PBXFileReference; lastKnownFileType = sourcecode.swift; path = EasyBayTests.swift; sourceTree = "<group>"; };
		E35CEFDD222A958D00F81FB3 /* Info.plist */ = {isa = PBXFileReference; lastKnownFileType = text.plist.xml; path = Info.plist; sourceTree = "<group>"; };
		E35CEFE2222A958D00F81FB3 /* EasyBayUITests.xctest */ = {isa = PBXFileReference; explicitFileType = wrapper.cfbundle; includeInIndex = 0; path = EasyBayUITests.xctest; sourceTree = BUILT_PRODUCTS_DIR; };
		E35CEFE6222A958D00F81FB3 /* EasyBayUITests.swift */ = {isa = PBXFileReference; lastKnownFileType = sourcecode.swift; path = EasyBayUITests.swift; sourceTree = "<group>"; };
		E35CEFE8222A958D00F81FB3 /* Info.plist */ = {isa = PBXFileReference; lastKnownFileType = text.plist.xml; path = Info.plist; sourceTree = "<group>"; };
		E35CEFFA222B071400F81FB3 /* SearchImageViewController.swift */ = {isa = PBXFileReference; lastKnownFileType = sourcecode.swift; path = SearchImageViewController.swift; sourceTree = "<group>"; };
		E35CEFFC222B0F6500F81FB3 /* README.md */ = {isa = PBXFileReference; fileEncoding = 4; lastKnownFileType = net.daringfireball.markdown; path = README.md; sourceTree = "<group>"; };
		E3DBCFDD222B570100B23408 /* ProductCells.swift */ = {isa = PBXFileReference; lastKnownFileType = sourcecode.swift; path = ProductCells.swift; sourceTree = "<group>"; };
		E3DBCFDF222B786A00B23408 /* ProductCollectionViewCell.swift */ = {isa = PBXFileReference; lastKnownFileType = sourcecode.swift; path = ProductCollectionViewCell.swift; sourceTree = "<group>"; };
		E3DBCFE1222B99A100B23408 /* InputParamsViewController.swift */ = {isa = PBXFileReference; lastKnownFileType = sourcecode.swift; path = InputParamsViewController.swift; sourceTree = "<group>"; };
/* End PBXFileReference section */

/* Begin PBXFrameworksBuildPhase section */
		E35CEFBD222A958B00F81FB3 /* Frameworks */ = {
			isa = PBXFrameworksBuildPhase;
			buildActionMask = 2147483647;
			files = (
			);
			runOnlyForDeploymentPostprocessing = 0;
		};
		E35CEFD4222A958D00F81FB3 /* Frameworks */ = {
			isa = PBXFrameworksBuildPhase;
			buildActionMask = 2147483647;
			files = (
			);
			runOnlyForDeploymentPostprocessing = 0;
		};
		E35CEFDF222A958D00F81FB3 /* Frameworks */ = {
			isa = PBXFrameworksBuildPhase;
			buildActionMask = 2147483647;
			files = (
			);
			runOnlyForDeploymentPostprocessing = 0;
		};
/* End PBXFrameworksBuildPhase section */

/* Begin PBXGroup section */
		904D0B67222B95E900A0969D /* Resources */ = {
			isa = PBXGroup;
			children = (
				904D0B68222B969700A0969D /* my_model.mlmodel */,
			);
			path = Resources;
			sourceTree = "<group>";
		};
		E35CEFB7222A958B00F81FB3 = {
			isa = PBXGroup;
			children = (
				E35CEFFC222B0F6500F81FB3 /* README.md */,
				E35CEFC2222A958B00F81FB3 /* EasyBay */,
				E35CEFDA222A958D00F81FB3 /* EasyBayTests */,
				E35CEFE5222A958D00F81FB3 /* EasyBayUITests */,
				E35CEFC1222A958B00F81FB3 /* Products */,
			);
			sourceTree = "<group>";
		};
		E35CEFC1222A958B00F81FB3 /* Products */ = {
			isa = PBXGroup;
			children = (
				E35CEFC0222A958B00F81FB3 /* EasyBay.app */,
				E35CEFD7222A958D00F81FB3 /* EasyBayTests.xctest */,
				E35CEFE2222A958D00F81FB3 /* EasyBayUITests.xctest */,
			);
			name = Products;
			sourceTree = "<group>";
		};
		E35CEFC2222A958B00F81FB3 /* EasyBay */ = {
			isa = PBXGroup;
			children = (
				904D0B67222B95E900A0969D /* Resources */,
				E35CEFC3222A958B00F81FB3 /* AppDelegate.swift */,
				E35CEFC5222A958B00F81FB3 /* ViewController.swift */,
				E3DBCFE1222B99A100B23408 /* InputParamsViewController.swift */,
				E35CEFFA222B071400F81FB3 /* SearchImageViewController.swift */,
				E3DBCFDD222B570100B23408 /* ProductCells.swift */,
				904D0B6A222B97E000A0969D /* ProductCollectionViewCell.swift */,
				E35CEFC7222A958B00F81FB3 /* Main.storyboard */,
				E35CEFCD222A958D00F81FB3 /* Assets.xcassets */,
				E35CEFCF222A958D00F81FB3 /* LaunchScreen.storyboard */,
				E35CEFD2222A958D00F81FB3 /* Info.plist */,
				E35CEFCA222A958B00F81FB3 /* EasyBay.xcdatamodeld */,
			);
			path = EasyBay;
			sourceTree = "<group>";
		};
		E35CEFDA222A958D00F81FB3 /* EasyBayTests */ = {
			isa = PBXGroup;
			children = (
				E35CEFDB222A958D00F81FB3 /* EasyBayTests.swift */,
				E35CEFDD222A958D00F81FB3 /* Info.plist */,
			);
			path = EasyBayTests;
			sourceTree = "<group>";
		};
		E35CEFE5222A958D00F81FB3 /* EasyBayUITests */ = {
			isa = PBXGroup;
			children = (
				E35CEFE6222A958D00F81FB3 /* EasyBayUITests.swift */,
				E35CEFE8222A958D00F81FB3 /* Info.plist */,
			);
			path = EasyBayUITests;
			sourceTree = "<group>";
		};
/* End PBXGroup section */

/* Begin PBXNativeTarget section */
		E35CEFBF222A958B00F81FB3 /* EasyBay */ = {
			isa = PBXNativeTarget;
			buildConfigurationList = E35CEFEB222A958D00F81FB3 /* Build configuration list for PBXNativeTarget "EasyBay" */;
			buildPhases = (
				E35CEFBC222A958B00F81FB3 /* Sources */,
				E35CEFBD222A958B00F81FB3 /* Frameworks */,
				E35CEFBE222A958B00F81FB3 /* Resources */,
			);
			buildRules = (
			);
			dependencies = (
			);
			name = EasyBay;
			productName = EasyBay;
			productReference = E35CEFC0222A958B00F81FB3 /* EasyBay.app */;
			productType = "com.apple.product-type.application";
		};
		E35CEFD6222A958D00F81FB3 /* EasyBayTests */ = {
			isa = PBXNativeTarget;
			buildConfigurationList = E35CEFEE222A958D00F81FB3 /* Build configuration list for PBXNativeTarget "EasyBayTests" */;
			buildPhases = (
				E35CEFD3222A958D00F81FB3 /* Sources */,
				E35CEFD4222A958D00F81FB3 /* Frameworks */,
				E35CEFD5222A958D00F81FB3 /* Resources */,
			);
			buildRules = (
			);
			dependencies = (
				E35CEFD9222A958D00F81FB3 /* PBXTargetDependency */,
			);
			name = EasyBayTests;
			productName = EasyBayTests;
			productReference = E35CEFD7222A958D00F81FB3 /* EasyBayTests.xctest */;
			productType = "com.apple.product-type.bundle.unit-test";
		};
		E35CEFE1222A958D00F81FB3 /* EasyBayUITests */ = {
			isa = PBXNativeTarget;
			buildConfigurationList = E35CEFF1222A958D00F81FB3 /* Build configuration list for PBXNativeTarget "EasyBayUITests" */;
			buildPhases = (
				E35CEFDE222A958D00F81FB3 /* Sources */,
				E35CEFDF222A958D00F81FB3 /* Frameworks */,
				E35CEFE0222A958D00F81FB3 /* Resources */,
			);
			buildRules = (
			);
			dependencies = (
				E35CEFE4222A958D00F81FB3 /* PBXTargetDependency */,
			);
			name = EasyBayUITests;
			productName = EasyBayUITests;
			productReference = E35CEFE2222A958D00F81FB3 /* EasyBayUITests.xctest */;
			productType = "com.apple.product-type.bundle.ui-testing";
		};
/* End PBXNativeTarget section */

/* Begin PBXProject section */
		E35CEFB8222A958B00F81FB3 /* Project object */ = {
			isa = PBXProject;
			attributes = {
				LastSwiftUpdateCheck = 1010;
				LastUpgradeCheck = 1010;
				ORGANIZATIONNAME = "Rohit Nema";
				TargetAttributes = {
					E35CEFBF222A958B00F81FB3 = {
						CreatedOnToolsVersion = 10.1;
					};
					E35CEFD6222A958D00F81FB3 = {
						CreatedOnToolsVersion = 10.1;
						TestTargetID = E35CEFBF222A958B00F81FB3;
					};
					E35CEFE1222A958D00F81FB3 = {
						CreatedOnToolsVersion = 10.1;
						TestTargetID = E35CEFBF222A958B00F81FB3;
					};
				};
			};
			buildConfigurationList = E35CEFBB222A958B00F81FB3 /* Build configuration list for PBXProject "EasyBay" */;
			compatibilityVersion = "Xcode 9.3";
			developmentRegion = en;
			hasScannedForEncodings = 0;
			knownRegions = (
				en,
				Base,
			);
			mainGroup = E35CEFB7222A958B00F81FB3;
			productRefGroup = E35CEFC1222A958B00F81FB3 /* Products */;
			projectDirPath = "";
			projectRoot = "";
			targets = (
				E35CEFBF222A958B00F81FB3 /* EasyBay */,
				E35CEFD6222A958D00F81FB3 /* EasyBayTests */,
				E35CEFE1222A958D00F81FB3 /* EasyBayUITests */,
			);
		};
/* End PBXProject section */

/* Begin PBXResourcesBuildPhase section */
		E35CEFBE222A958B00F81FB3 /* Resources */ = {
			isa = PBXResourcesBuildPhase;
			buildActionMask = 2147483647;
			files = (
				E35CEFD1222A958D00F81FB3 /* LaunchScreen.storyboard in Resources */,
				E35CEFCE222A958D00F81FB3 /* Assets.xcassets in Resources */,
				E35CEFFD222B0F6600F81FB3 /* README.md in Resources */,
				E35CEFC9222A958B00F81FB3 /* Main.storyboard in Resources */,
			);
			runOnlyForDeploymentPostprocessing = 0;
		};
		E35CEFD5222A958D00F81FB3 /* Resources */ = {
			isa = PBXResourcesBuildPhase;
			buildActionMask = 2147483647;
			files = (
			);
			runOnlyForDeploymentPostprocessing = 0;
		};
		E35CEFE0222A958D00F81FB3 /* Resources */ = {
			isa = PBXResourcesBuildPhase;
			buildActionMask = 2147483647;
			files = (
			);
			runOnlyForDeploymentPostprocessing = 0;
		};
/* End PBXResourcesBuildPhase section */

/* Begin PBXSourcesBuildPhase section */
		E35CEFBC222A958B00F81FB3 /* Sources */ = {
			isa = PBXSourcesBuildPhase;
			buildActionMask = 2147483647;
			files = (
				E3DBCFE2222B99A100B23408 /* InputParamsViewController.swift in Sources */,
				E35CEFC6222A958B00F81FB3 /* ViewController.swift in Sources */,
				E35CEFC4222A958B00F81FB3 /* AppDelegate.swift in Sources */,
				904D0B6B222B97EB00A0969D /* ProductCollectionViewCell.swift in Sources */,
				904D0B69222B969700A0969D /* my_model.mlmodel in Sources */,
				E3DBCFDE222B570100B23408 /* ProductCells.swift in Sources */,
				E35CEFFB222B071400F81FB3 /* SearchImageViewController.swift in Sources */,
				E35CEFCC222A958B00F81FB3 /* EasyBay.xcdatamodeld in Sources */,
			);
			runOnlyForDeploymentPostprocessing = 0;
		};
		E35CEFD3222A958D00F81FB3 /* Sources */ = {
			isa = PBXSourcesBuildPhase;
			buildActionMask = 2147483647;
			files = (
				E35CEFDC222A958D00F81FB3 /* EasyBayTests.swift in Sources */,
			);
			runOnlyForDeploymentPostprocessing = 0;
		};
		E35CEFDE222A958D00F81FB3 /* Sources */ = {
			isa = PBXSourcesBuildPhase;
			buildActionMask = 2147483647;
			files = (
				E35CEFE7222A958D00F81FB3 /* EasyBayUITests.swift in Sources */,
			);
			runOnlyForDeploymentPostprocessing = 0;
		};
/* End PBXSourcesBuildPhase section */

/* Begin PBXTargetDependency section */
		E35CEFD9222A958D00F81FB3 /* PBXTargetDependency */ = {
			isa = PBXTargetDependency;
			target = E35CEFBF222A958B00F81FB3 /* EasyBay */;
			targetProxy = E35CEFD8222A958D00F81FB3 /* PBXContainerItemProxy */;
		};
		E35CEFE4222A958D00F81FB3 /* PBXTargetDependency */ = {
			isa = PBXTargetDependency;
			target = E35CEFBF222A958B00F81FB3 /* EasyBay */;
			targetProxy = E35CEFE3222A958D00F81FB3 /* PBXContainerItemProxy */;
		};
/* End PBXTargetDependency section */

/* Begin PBXVariantGroup section */
		E35CEFC7222A958B00F81FB3 /* Main.storyboard */ = {
			isa = PBXVariantGroup;
			children = (
				E35CEFC8222A958B00F81FB3 /* Base */,
			);
			name = Main.storyboard;
			sourceTree = "<group>";
		};
		E35CEFCF222A958D00F81FB3 /* LaunchScreen.storyboard */ = {
			isa = PBXVariantGroup;
			children = (
				E35CEFD0222A958D00F81FB3 /* Base */,
			);
			name = LaunchScreen.storyboard;
			sourceTree = "<group>";
		};
/* End PBXVariantGroup section */

/* Begin XCBuildConfiguration section */
		E35CEFE9222A958D00F81FB3 /* Debug */ = {
			isa = XCBuildConfiguration;
			buildSettings = {
				ALWAYS_SEARCH_USER_PATHS = NO;
				CLANG_ANALYZER_NONNULL = YES;
				CLANG_ANALYZER_NUMBER_OBJECT_CONVERSION = YES_AGGRESSIVE;
				CLANG_CXX_LANGUAGE_STANDARD = "gnu++14";
				CLANG_CXX_LIBRARY = "libc++";
				CLANG_ENABLE_MODULES = YES;
				CLANG_ENABLE_OBJC_ARC = YES;
				CLANG_ENABLE_OBJC_WEAK = YES;
				CLANG_WARN_BLOCK_CAPTURE_AUTORELEASING = YES;
				CLANG_WARN_BOOL_CONVERSION = YES;
				CLANG_WARN_COMMA = YES;
				CLANG_WARN_CONSTANT_CONVERSION = YES;
				CLANG_WARN_DEPRECATED_OBJC_IMPLEMENTATIONS = YES;
				CLANG_WARN_DIRECT_OBJC_ISA_USAGE = YES_ERROR;
				CLANG_WARN_DOCUMENTATION_COMMENTS = YES;
				CLANG_WARN_EMPTY_BODY = YES;
				CLANG_WARN_ENUM_CONVERSION = YES;
				CLANG_WARN_INFINITE_RECURSION = YES;
				CLANG_WARN_INT_CONVERSION = YES;
				CLANG_WARN_NON_LITERAL_NULL_CONVERSION = YES;
				CLANG_WARN_OBJC_IMPLICIT_RETAIN_SELF = YES;
				CLANG_WARN_OBJC_LITERAL_CONVERSION = YES;
				CLANG_WARN_OBJC_ROOT_CLASS = YES_ERROR;
				CLANG_WARN_RANGE_LOOP_ANALYSIS = YES;
				CLANG_WARN_STRICT_PROTOTYPES = YES;
				CLANG_WARN_SUSPICIOUS_MOVE = YES;
				CLANG_WARN_UNGUARDED_AVAILABILITY = YES_AGGRESSIVE;
				CLANG_WARN_UNREACHABLE_CODE = YES;
				CLANG_WARN__DUPLICATE_METHOD_MATCH = YES;
				CODE_SIGN_IDENTITY = "iPhone Developer";
				COPY_PHASE_STRIP = NO;
				DEBUG_INFORMATION_FORMAT = dwarf;
				ENABLE_STRICT_OBJC_MSGSEND = YES;
				ENABLE_TESTABILITY = YES;
				GCC_C_LANGUAGE_STANDARD = gnu11;
				GCC_DYNAMIC_NO_PIC = NO;
				GCC_NO_COMMON_BLOCKS = YES;
				GCC_OPTIMIZATION_LEVEL = 0;
				GCC_PREPROCESSOR_DEFINITIONS = (
					"DEBUG=1",
					"$(inherited)",
				);
				GCC_WARN_64_TO_32_BIT_CONVERSION = YES;
				GCC_WARN_ABOUT_RETURN_TYPE = YES_ERROR;
				GCC_WARN_UNDECLARED_SELECTOR = YES;
				GCC_WARN_UNINITIALIZED_AUTOS = YES_AGGRESSIVE;
				GCC_WARN_UNUSED_FUNCTION = YES;
				GCC_WARN_UNUSED_VARIABLE = YES;
				IPHONEOS_DEPLOYMENT_TARGET = 12.1;
				MTL_ENABLE_DEBUG_INFO = INCLUDE_SOURCE;
				MTL_FAST_MATH = YES;
				ONLY_ACTIVE_ARCH = YES;
				SDKROOT = iphoneos;
				SWIFT_ACTIVE_COMPILATION_CONDITIONS = DEBUG;
				SWIFT_OPTIMIZATION_LEVEL = "-Onone";
			};
			name = Debug;
		};
		E35CEFEA222A958D00F81FB3 /* Release */ = {
			isa = XCBuildConfiguration;
			buildSettings = {
				ALWAYS_SEARCH_USER_PATHS = NO;
				CLANG_ANALYZER_NONNULL = YES;
				CLANG_ANALYZER_NUMBER_OBJECT_CONVERSION = YES_AGGRESSIVE;
				CLANG_CXX_LANGUAGE_STANDARD = "gnu++14";
				CLANG_CXX_LIBRARY = "libc++";
				CLANG_ENABLE_MODULES = YES;
				CLANG_ENABLE_OBJC_ARC = YES;
				CLANG_ENABLE_OBJC_WEAK = YES;
				CLANG_WARN_BLOCK_CAPTURE_AUTORELEASING = YES;
				CLANG_WARN_BOOL_CONVERSION = YES;
				CLANG_WARN_COMMA = YES;
				CLANG_WARN_CONSTANT_CONVERSION = YES;
				CLANG_WARN_DEPRECATED_OBJC_IMPLEMENTATIONS = YES;
				CLANG_WARN_DIRECT_OBJC_ISA_USAGE = YES_ERROR;
				CLANG_WARN_DOCUMENTATION_COMMENTS = YES;
				CLANG_WARN_EMPTY_BODY = YES;
				CLANG_WARN_ENUM_CONVERSION = YES;
				CLANG_WARN_INFINITE_RECURSION = YES;
				CLANG_WARN_INT_CONVERSION = YES;
				CLANG_WARN_NON_LITERAL_NULL_CONVERSION = YES;
				CLANG_WARN_OBJC_IMPLICIT_RETAIN_SELF = YES;
				CLANG_WARN_OBJC_LITERAL_CONVERSION = YES;
				CLANG_WARN_OBJC_ROOT_CLASS = YES_ERROR;
				CLANG_WARN_RANGE_LOOP_ANALYSIS = YES;
				CLANG_WARN_STRICT_PROTOTYPES = YES;
				CLANG_WARN_SUSPICIOUS_MOVE = YES;
				CLANG_WARN_UNGUARDED_AVAILABILITY = YES_AGGRESSIVE;
				CLANG_WARN_UNREACHABLE_CODE = YES;
				CLANG_WARN__DUPLICATE_METHOD_MATCH = YES;
				CODE_SIGN_IDENTITY = "iPhone Developer";
				COPY_PHASE_STRIP = NO;
				DEBUG_INFORMATION_FORMAT = "dwarf-with-dsym";
				ENABLE_NS_ASSERTIONS = NO;
				ENABLE_STRICT_OBJC_MSGSEND = YES;
				GCC_C_LANGUAGE_STANDARD = gnu11;
				GCC_NO_COMMON_BLOCKS = YES;
				GCC_WARN_64_TO_32_BIT_CONVERSION = YES;
				GCC_WARN_ABOUT_RETURN_TYPE = YES_ERROR;
				GCC_WARN_UNDECLARED_SELECTOR = YES;
				GCC_WARN_UNINITIALIZED_AUTOS = YES_AGGRESSIVE;
				GCC_WARN_UNUSED_FUNCTION = YES;
				GCC_WARN_UNUSED_VARIABLE = YES;
				IPHONEOS_DEPLOYMENT_TARGET = 12.1;
				MTL_ENABLE_DEBUG_INFO = NO;
				MTL_FAST_MATH = YES;
				SDKROOT = iphoneos;
				SWIFT_COMPILATION_MODE = wholemodule;
				SWIFT_OPTIMIZATION_LEVEL = "-O";
				VALIDATE_PRODUCT = YES;
			};
			name = Release;
		};
		E35CEFEC222A958D00F81FB3 /* Debug */ = {
			isa = XCBuildConfiguration;
			buildSettings = {
				ASSETCATALOG_COMPILER_APPICON_NAME = AppIcon;
				CODE_SIGN_IDENTITY = "iPhone Developer";
				CODE_SIGN_STYLE = Automatic;
				DEVELOPMENT_TEAM = K224WK42M9;
				INFOPLIST_FILE = EasyBay/Info.plist;
				LD_RUNPATH_SEARCH_PATHS = (
					"$(inherited)",
					"@executable_path/Frameworks",
				);
				PRODUCT_BUNDLE_IDENTIFIER = com.snor.EasyBayTest;
				PRODUCT_NAME = "$(TARGET_NAME)";
				PROVISIONING_PROFILE_SPECIFIER = "";
				SWIFT_VERSION = 4.2;
				TARGETED_DEVICE_FAMILY = "1,2";
			};
			name = Debug;
		};
		E35CEFED222A958D00F81FB3 /* Release */ = {
			isa = XCBuildConfiguration;
			buildSettings = {
				ASSETCATALOG_COMPILER_APPICON_NAME = AppIcon;
				CODE_SIGN_IDENTITY = "iPhone Developer";
				CODE_SIGN_STYLE = Automatic;
				DEVELOPMENT_TEAM = K224WK42M9;
				INFOPLIST_FILE = EasyBay/Info.plist;
				LD_RUNPATH_SEARCH_PATHS = (
					"$(inherited)",
					"@executable_path/Frameworks",
				);
				PRODUCT_BUNDLE_IDENTIFIER = com.snor.EasyBayTest;
				PRODUCT_NAME = "$(TARGET_NAME)";
				PROVISIONING_PROFILE_SPECIFIER = "";
				SWIFT_VERSION = 4.2;
				TARGETED_DEVICE_FAMILY = "1,2";
			};
			name = Release;
		};
		E35CEFEF222A958D00F81FB3 /* Debug */ = {
			isa = XCBuildConfiguration;
			buildSettings = {
				ALWAYS_EMBED_SWIFT_STANDARD_LIBRARIES = YES;
				BUNDLE_LOADER = "$(TEST_HOST)";
				CODE_SIGN_STYLE = Automatic;
				INFOPLIST_FILE = EasyBayTests/Info.plist;
				LD_RUNPATH_SEARCH_PATHS = (
					"$(inherited)",
					"@executable_path/Frameworks",
					"@loader_path/Frameworks",
				);
				PRODUCT_BUNDLE_IDENTIFIER = com.snore.EasyBayTests;
				PRODUCT_NAME = "$(TARGET_NAME)";
				SWIFT_VERSION = 4.2;
				TARGETED_DEVICE_FAMILY = "1,2";
				TEST_HOST = "$(BUILT_PRODUCTS_DIR)/EasyBay.app/EasyBay";
			};
			name = Debug;
		};
		E35CEFF0222A958D00F81FB3 /* Release */ = {
			isa = XCBuildConfiguration;
			buildSettings = {
				ALWAYS_EMBED_SWIFT_STANDARD_LIBRARIES = YES;
				BUNDLE_LOADER = "$(TEST_HOST)";
				CODE_SIGN_STYLE = Automatic;
				INFOPLIST_FILE = EasyBayTests/Info.plist;
				LD_RUNPATH_SEARCH_PATHS = (
					"$(inherited)",
					"@executable_path/Frameworks",
					"@loader_path/Frameworks",
				);
				PRODUCT_BUNDLE_IDENTIFIER = com.snore.EasyBayTests;
				PRODUCT_NAME = "$(TARGET_NAME)";
				SWIFT_VERSION = 4.2;
				TARGETED_DEVICE_FAMILY = "1,2";
				TEST_HOST = "$(BUILT_PRODUCTS_DIR)/EasyBay.app/EasyBay";
			};
			name = Release;
		};
		E35CEFF2222A958D00F81FB3 /* Debug */ = {
			isa = XCBuildConfiguration;
			buildSettings = {
				ALWAYS_EMBED_SWIFT_STANDARD_LIBRARIES = YES;
				CODE_SIGN_STYLE = Automatic;
				INFOPLIST_FILE = EasyBayUITests/Info.plist;
				LD_RUNPATH_SEARCH_PATHS = (
					"$(inherited)",
					"@executable_path/Frameworks",
					"@loader_path/Frameworks",
				);
				PRODUCT_BUNDLE_IDENTIFIER = com.snore.EasyBayUITests;
				PRODUCT_NAME = "$(TARGET_NAME)";
				SWIFT_VERSION = 4.2;
				TARGETED_DEVICE_FAMILY = "1,2";
				TEST_TARGET_NAME = EasyBay;
			};
			name = Debug;
		};
		E35CEFF3222A958D00F81FB3 /* Release */ = {
			isa = XCBuildConfiguration;
			buildSettings = {
				ALWAYS_EMBED_SWIFT_STANDARD_LIBRARIES = YES;
				CODE_SIGN_STYLE = Automatic;
				INFOPLIST_FILE = EasyBayUITests/Info.plist;
				LD_RUNPATH_SEARCH_PATHS = (
					"$(inherited)",
					"@executable_path/Frameworks",
					"@loader_path/Frameworks",
				);
				PRODUCT_BUNDLE_IDENTIFIER = com.snore.EasyBayUITests;
				PRODUCT_NAME = "$(TARGET_NAME)";
				SWIFT_VERSION = 4.2;
				TARGETED_DEVICE_FAMILY = "1,2";
				TEST_TARGET_NAME = EasyBay;
			};
			name = Release;
		};
/* End XCBuildConfiguration section */

/* Begin XCConfigurationList section */
		E35CEFBB222A958B00F81FB3 /* Build configuration list for PBXProject "EasyBay" */ = {
			isa = XCConfigurationList;
			buildConfigurations = (
				E35CEFE9222A958D00F81FB3 /* Debug */,
				E35CEFEA222A958D00F81FB3 /* Release */,
			);
			defaultConfigurationIsVisible = 0;
			defaultConfigurationName = Release;
		};
		E35CEFEB222A958D00F81FB3 /* Build configuration list for PBXNativeTarget "EasyBay" */ = {
			isa = XCConfigurationList;
			buildConfigurations = (
				E35CEFEC222A958D00F81FB3 /* Debug */,
				E35CEFED222A958D00F81FB3 /* Release */,
			);
			defaultConfigurationIsVisible = 0;
			defaultConfigurationName = Release;
		};
		E35CEFEE222A958D00F81FB3 /* Build configuration list for PBXNativeTarget "EasyBayTests" */ = {
			isa = XCConfigurationList;
			buildConfigurations = (
				E35CEFEF222A958D00F81FB3 /* Debug */,
				E35CEFF0222A958D00F81FB3 /* Release */,
			);
			defaultConfigurationIsVisible = 0;
			defaultConfigurationName = Release;
		};
		E35CEFF1222A958D00F81FB3 /* Build configuration list for PBXNativeTarget "EasyBayUITests" */ = {
			isa = XCConfigurationList;
			buildConfigurations = (
				E35CEFF2222A958D00F81FB3 /* Debug */,
				E35CEFF3222A958D00F81FB3 /* Release */,
			);
			defaultConfigurationIsVisible = 0;
			defaultConfigurationName = Release;
		};
/* End XCConfigurationList section */

/* Begin XCVersionGroup section */
		E35CEFCA222A958B00F81FB3 /* EasyBay.xcdatamodeld */ = {
			isa = XCVersionGroup;
			children = (
				E35CEFCB222A958B00F81FB3 /* EasyBay.xcdatamodel */,
			);
			currentVersion = E35CEFCB222A958B00F81FB3 /* EasyBay.xcdatamodel */;
			path = EasyBay.xcdatamodeld;
			sourceTree = "<group>";
			versionGroupType = wrapper.xcdatamodel;
		};
/* End XCVersionGroup section */
	};
	rootObject = E35CEFB8222A958B00F81FB3 /* Project object */;
}
